
Microsoft Visual Studio Solution File, Format Version 12.00
# Visual Studio Version 16
VisualStudioVersion = 16.0.29424.173
MinimumVisualStudioVersion = 10.0.40219.1
Project("{FAE04EC0-301F-11D3-BF4B-00C04F79EFBC}") = "curso", "curso\curso.csproj", "{3D66BAB4-2DD6-4BCC-8DC2-172B00220C92}"
EndProject
Project("{FAE04EC0-301F-11D3-BF4B-00C04F79EFBC}") = "curso.Tests", "curso.Tests\curso.Tests.csproj", "{33D3BE7A-A579-4FB6-A38B-8BA3EA1C91A4}"
EndProject
Project("{2150E333-8FDC-42A3-9474-1A3956D46DE8}") = "Solution Items", "Solution Items", "{D2DAD2C6-FB78-4729-8E93-0F47E35AD808}"
	ProjectSection(SolutionItems) = preProject
		Manual de ASPNET MVC5.pdf = Manual de ASPNET MVC5.pdf
	EndProjectSection
EndProject
Project("{FAE04EC0-301F-11D3-BF4B-00C04F79EFBC}") = "domain", "domain\domain.csproj", "{840C8321-F9C2-4E4C-A4BE-7142DA4726C1}"
EndProject
Project("{FAE04EC0-301F-11D3-BF4B-00C04F79EFBC}") = "domain5", "domain5\domain5.csproj", "{228A40A4-B574-4016-8883-5A7E80578947}"
EndProject
Project("{FAE04EC0-301F-11D3-BF4B-00C04F79EFBC}") = "CFDomain", "CFDomain\CFDomain.csproj", "{4FFB7C9E-B37A-4DE4-B9DD-099356E2F61E}"
EndProject
Project("{2150E333-8FDC-42A3-9474-1A3956D46DE8}") = "1 Presentation", "1 Presentation", "{C47EF85B-CF27-42D3-A58E-99C44030698F}"
EndProject
Project("{2150E333-8FDC-42A3-9474-1A3956D46DE8}") = "2 Aplication", "2 Aplication", "{EF58D5D2-9B77-4334-8BB1-F6D32A78F418}"
EndProject
Project("{2150E333-8FDC-42A3-9474-1A3956D46DE8}") = "3 Domain", "3 Domain", "{20F0D6CF-00B0-4070-A3FD-C3EA4736160B}"
EndProject
Project("{2150E333-8FDC-42A3-9474-1A3956D46DE8}") = "4 Infraestructure", "4 Infraestructure", "{56E223A7-8AEE-4A0A-9FC6-C9A3E5ED7BB6}"
EndProject
Project("{2150E333-8FDC-42A3-9474-1A3956D46DE8}") = "5 Testing", "5 Testing", "{B8EB1093-33C2-4C14-A9FF-74B8BAC4210D}"
EndProject
Project("{FAE04EC0-301F-11D3-BF4B-00C04F79EFBC}") = "domain.core", "domain.core\domain.core.csproj", "{4AC88A97-7365-4BC0-A3F1-C6AAB0CA38CA}"
EndProject
Project("{2150E333-8FDC-42A3-9474-1A3956D46DE8}") = "web", "web", "{4E2AC159-44EB-46A4-A99A-93FE6D581B8E}"
EndProject
Project("{2150E333-8FDC-42A3-9474-1A3956D46DE8}") = "WPF", "WPF", "{2F893A02-4233-4B2F-86DD-5BB546088322}"
EndProject
Project("{FAE04EC0-301F-11D3-BF4B-00C04F79EFBC}") = "applications.services", "applications.services\applications.services.csproj", "{F206A3A8-F69B-44F0-9852-308030A2FA18}"
EndProject
Project("{FAE04EC0-301F-11D3-BF4B-00C04F79EFBC}") = "domain.services", "domain.services\domain.services.csproj", "{3AA9F704-E97F-489F-9CBC-95E62015B2DB}"
EndProject
Project("{FAE04EC0-301F-11D3-BF4B-00C04F79EFBC}") = "persistence", "persistence\persistence.csproj", "{988295A0-DC53-4F8F-B32C-87D3821E3970}"
EndProject
Project("{FAE04EC0-301F-11D3-BF4B-00C04F79EFBC}") = "servicios", "servicios\servicios.csproj", "{81F7DF09-C426-48E7-9831-1D0571257FE1}"
EndProject
Project("{FAE04EC0-301F-11D3-BF4B-00C04F79EFBC}") = "WebApplication1", "WebApplication1\WebApplication1.csproj", "{49DAC52A-186B-45E8-8529-86AC621A0FB2}"
EndProject
Project("{FAE04EC0-301F-11D3-BF4B-00C04F79EFBC}") = "domainTests", "domainTests\domainTests.csproj", "{492EAF09-D1FA-4034-9845-ED5850E9AC14}"
EndProject
Global
	GlobalSection(SolutionConfigurationPlatforms) = preSolution
		Debug|Any CPU = Debug|Any CPU
		Release|Any CPU = Release|Any CPU
	EndGlobalSection
	GlobalSection(ProjectConfigurationPlatforms) = postSolution
		{3D66BAB4-2DD6-4BCC-8DC2-172B00220C92}.Debug|Any CPU.ActiveCfg = Debug|Any CPU
		{3D66BAB4-2DD6-4BCC-8DC2-172B00220C92}.Debug|Any CPU.Build.0 = Debug|Any CPU
		{3D66BAB4-2DD6-4BCC-8DC2-172B00220C92}.Release|Any CPU.ActiveCfg = Release|Any CPU
		{3D66BAB4-2DD6-4BCC-8DC2-172B00220C92}.Release|Any CPU.Build.0 = Release|Any CPU
		{33D3BE7A-A579-4FB6-A38B-8BA3EA1C91A4}.Debug|Any CPU.ActiveCfg = Debug|Any CPU
		{33D3BE7A-A579-4FB6-A38B-8BA3EA1C91A4}.Debug|Any CPU.Build.0 = Debug|Any CPU
		{33D3BE7A-A579-4FB6-A38B-8BA3EA1C91A4}.Release|Any CPU.ActiveCfg = Release|Any CPU
		{33D3BE7A-A579-4FB6-A38B-8BA3EA1C91A4}.Release|Any CPU.Build.0 = Release|Any CPU
		{840C8321-F9C2-4E4C-A4BE-7142DA4726C1}.Debug|Any CPU.ActiveCfg = Debug|Any CPU
		{840C8321-F9C2-4E4C-A4BE-7142DA4726C1}.Debug|Any CPU.Build.0 = Debug|Any CPU
		{840C8321-F9C2-4E4C-A4BE-7142DA4726C1}.Release|Any CPU.ActiveCfg = Release|Any CPU
		{840C8321-F9C2-4E4C-A4BE-7142DA4726C1}.Release|Any CPU.Build.0 = Release|Any CPU
		{228A40A4-B574-4016-8883-5A7E80578947}.Debug|Any CPU.ActiveCfg = Debug|Any CPU
		{228A40A4-B574-4016-8883-5A7E80578947}.Debug|Any CPU.Build.0 = Debug|Any CPU
		{228A40A4-B574-4016-8883-5A7E80578947}.Release|Any CPU.ActiveCfg = Release|Any CPU
		{228A40A4-B574-4016-8883-5A7E80578947}.Release|Any CPU.Build.0 = Release|Any CPU
		{4FFB7C9E-B37A-4DE4-B9DD-099356E2F61E}.Debug|Any CPU.ActiveCfg = Debug|Any CPU
		{4FFB7C9E-B37A-4DE4-B9DD-099356E2F61E}.Debug|Any CPU.Build.0 = Debug|Any CPU
		{4FFB7C9E-B37A-4DE4-B9DD-099356E2F61E}.Release|Any CPU.ActiveCfg = Release|Any CPU
		{4FFB7C9E-B37A-4DE4-B9DD-099356E2F61E}.Release|Any CPU.Build.0 = Release|Any CPU
		{4AC88A97-7365-4BC0-A3F1-C6AAB0CA38CA}.Debug|Any CPU.ActiveCfg = Debug|Any CPU
		{4AC88A97-7365-4BC0-A3F1-C6AAB0CA38CA}.Debug|Any CPU.Build.0 = Debug|Any CPU
		{4AC88A97-7365-4BC0-A3F1-C6AAB0CA38CA}.Release|Any CPU.ActiveCfg = Release|Any CPU
		{4AC88A97-7365-4BC0-A3F1-C6AAB0CA38CA}.Release|Any CPU.Build.0 = Release|Any CPU
		{F206A3A8-F69B-44F0-9852-308030A2FA18}.Debug|Any CPU.ActiveCfg = Debug|Any CPU
		{F206A3A8-F69B-44F0-9852-308030A2FA18}.Debug|Any CPU.Build.0 = Debug|Any CPU
		{F206A3A8-F69B-44F0-9852-308030A2FA18}.Release|Any CPU.ActiveCfg = Release|Any CPU
		{F206A3A8-F69B-44F0-9852-308030A2FA18}.Release|Any CPU.Build.0 = Release|Any CPU
		{3AA9F704-E97F-489F-9CBC-95E62015B2DB}.Debug|Any CPU.ActiveCfg = Debug|Any CPU
		{3AA9F704-E97F-489F-9CBC-95E62015B2DB}.Debug|Any CPU.Build.0 = Debug|Any CPU
		{3AA9F704-E97F-489F-9CBC-95E62015B2DB}.Release|Any CPU.ActiveCfg = Release|Any CPU
		{3AA9F704-E97F-489F-9CBC-95E62015B2DB}.Release|Any CPU.Build.0 = Release|Any CPU
		{988295A0-DC53-4F8F-B32C-87D3821E3970}.Debug|Any CPU.ActiveCfg = Debug|Any CPU
		{988295A0-DC53-4F8F-B32C-87D3821E3970}.Debug|Any CPU.Build.0 = Debug|Any CPU
		{988295A0-DC53-4F8F-B32C-87D3821E3970}.Release|Any CPU.ActiveCfg = Release|Any CPU
		{988295A0-DC53-4F8F-B32C-87D3821E3970}.Release|Any CPU.Build.0 = Release|Any CPU
		{81F7DF09-C426-48E7-9831-1D0571257FE1}.Debug|Any CPU.ActiveCfg = Debug|Any CPU
		{81F7DF09-C426-48E7-9831-1D0571257FE1}.Debug|Any CPU.Build.0 = Debug|Any CPU
		{81F7DF09-C426-48E7-9831-1D0571257FE1}.Release|Any CPU.ActiveCfg = Release|Any CPU
		{81F7DF09-C426-48E7-9831-1D0571257FE1}.Release|Any CPU.Build.0 = Release|Any CPU
		{49DAC52A-186B-45E8-8529-86AC621A0FB2}.Debug|Any CPU.ActiveCfg = Debug|Any CPU
		{49DAC52A-186B-45E8-8529-86AC621A0FB2}.Debug|Any CPU.Build.0 = Debug|Any CPU
		{49DAC52A-186B-45E8-8529-86AC621A0FB2}.Release|Any CPU.ActiveCfg = Release|Any CPU
		{49DAC52A-186B-45E8-8529-86AC621A0FB2}.Release|Any CPU.Build.0 = Release|Any CPU
		{492EAF09-D1FA-4034-9845-ED5850E9AC14}.Debug|Any CPU.ActiveCfg = Debug|Any CPU
		{492EAF09-D1FA-4034-9845-ED5850E9AC14}.Debug|Any CPU.Build.0 = Debug|Any CPU
		{492EAF09-D1FA-4034-9845-ED5850E9AC14}.Release|Any CPU.ActiveCfg = Release|Any CPU
		{492EAF09-D1FA-4034-9845-ED5850E9AC14}.Release|Any CPU.Build.0 = Release|Any CPU
	EndGlobalSection
	GlobalSection(SolutionProperties) = preSolution
		HideSolutionNode = FALSE
	EndGlobalSection
	GlobalSection(NestedProjects) = preSolution
		{3D66BAB4-2DD6-4BCC-8DC2-172B00220C92} = {4E2AC159-44EB-46A4-A99A-93FE6D581B8E}
		{33D3BE7A-A579-4FB6-A38B-8BA3EA1C91A4} = {B8EB1093-33C2-4C14-A9FF-74B8BAC4210D}
		{840C8321-F9C2-4E4C-A4BE-7142DA4726C1} = {20F0D6CF-00B0-4070-A3FD-C3EA4736160B}
		{228A40A4-B574-4016-8883-5A7E80578947} = {20F0D6CF-00B0-4070-A3FD-C3EA4736160B}
		{4FFB7C9E-B37A-4DE4-B9DD-099356E2F61E} = {20F0D6CF-00B0-4070-A3FD-C3EA4736160B}
		{4AC88A97-7365-4BC0-A3F1-C6AAB0CA38CA} = {20F0D6CF-00B0-4070-A3FD-C3EA4736160B}
		{4E2AC159-44EB-46A4-A99A-93FE6D581B8E} = {C47EF85B-CF27-42D3-A58E-99C44030698F}
		{2F893A02-4233-4B2F-86DD-5BB546088322} = {C47EF85B-CF27-42D3-A58E-99C44030698F}
		{F206A3A8-F69B-44F0-9852-308030A2FA18} = {EF58D5D2-9B77-4334-8BB1-F6D32A78F418}
		{3AA9F704-E97F-489F-9CBC-95E62015B2DB} = {20F0D6CF-00B0-4070-A3FD-C3EA4736160B}
		{988295A0-DC53-4F8F-B32C-87D3821E3970} = {56E223A7-8AEE-4A0A-9FC6-C9A3E5ED7BB6}
		{81F7DF09-C426-48E7-9831-1D0571257FE1} = {4E2AC159-44EB-46A4-A99A-93FE6D581B8E}
		{49DAC52A-186B-45E8-8529-86AC621A0FB2} = {4E2AC159-44EB-46A4-A99A-93FE6D581B8E}
		{492EAF09-D1FA-4034-9845-ED5850E9AC14} = {B8EB1093-33C2-4C14-A9FF-74B8BAC4210D}
	EndGlobalSection
	GlobalSection(ExtensibilityGlobals) = postSolution
		SolutionGuid = {46E760BB-DD48-46E5-BE54-A477FF57B536}
	EndGlobalSection
EndGlobal
